
Microsoft Visual Studio Solution File, Format Version 12.00
# Visual Studio Version 16
VisualStudioVersion = 16.0.28803.352
MinimumVisualStudioVersion = 10.0.40219.1
Project("{FAE04EC0-301F-11D3-BF4B-00C04F79EFBC}") = "Foods.UI", "Foods.UI\Foods.UI.csproj", "{C3130E9E-0EBF-4BC7-B083-CE3688C60E85}"
EndProject
Project("{FAE04EC0-301F-11D3-BF4B-00C04F79EFBC}") = "Foods.Data", "Foods.Data\Foods.Data.csproj", "{1FB5E0EB-616C-4535-976A-1FAF4790F24B}"
EndProject
Project("{FAE04EC0-301F-11D3-BF4B-00C04F79EFBC}") = "Foods.Core", "Foods.Core\Foods.Core.csproj", "{D89A0C48-1080-4DCE-B142-63E8CE1945A3}"
EndProject
Global
	GlobalSection(SolutionConfigurationPlatforms) = preSolution
		Debug|Any CPU = Debug|Any CPU
		Release|Any CPU = Release|Any CPU
	EndGlobalSection
	GlobalSection(ProjectConfigurationPlatforms) = postSolution
		{C3130E9E-0EBF-4BC7-B083-CE3688C60E85}.Debug|Any CPU.ActiveCfg = Debug|Any CPU
		{C3130E9E-0EBF-4BC7-B083-CE3688C60E85}.Debug|Any CPU.Build.0 = Debug|Any CPU
		{C3130E9E-0EBF-4BC7-B083-CE3688C60E85}.Release|Any CPU.ActiveCfg = Release|Any CPU
		{C3130E9E-0EBF-4BC7-B083-CE3688C60E85}.Release|Any CPU.Build.0 = Release|Any CPU
		{1FB5E0EB-616C-4535-976A-1FAF4790F24B}.Debug|Any CPU.ActiveCfg = Debug|Any CPU
		{1FB5E0EB-616C-4535-976A-1FAF4790F24B}.Debug|Any CPU.Build.0 = Debug|Any CPU
		{1FB5E0EB-616C-4535-976A-1FAF4790F24B}.Release|Any CPU.ActiveCfg = Release|Any CPU
		{1FB5E0EB-616C-4535-976A-1FAF4790F24B}.Release|Any CPU.Build.0 = Release|Any CPU
		{D89A0C48-1080-4DCE-B142-63E8CE1945A3}.Debug|Any CPU.ActiveCfg = Debug|Any CPU
		{D89A0C48-1080-4DCE-B142-63E8CE1945A3}.Debug|Any CPU.Build.0 = Debug|Any CPU
		{D89A0C48-1080-4DCE-B142-63E8CE1945A3}.Release|Any CPU.ActiveCfg = Release|Any CPU
		{D89A0C48-1080-4DCE-B142-63E8CE1945A3}.Release|Any CPU.Build.0 = Release|Any CPU
	EndGlobalSection
	GlobalSection(SolutionProperties) = preSolution
		HideSolutionNode = FALSE
	EndGlobalSection
	GlobalSection(ExtensibilityGlobals) = postSolution
		SolutionGuid = {BB0EE194-D4E3-4F9A-B279-3237C487985E}
	EndGlobalSection
EndGlobal
